
Microsoft Visual Studio Solution File, Format Version 12.00
# Visual Studio 2012
Project("{FAE04EC0-301F-11D3-BF4B-00C04F79EFBC}") = "SCM_Testing", "SCM_Testing\SCM_Testing.csproj", "{686031E3-7080-482A-98ED-161F5D47F9DE}"
EndProject
Project("{FAE04EC0-301F-11D3-BF4B-00C04F79EFBC}") = "SCM_Testing.Droid", "Droid\SCM_Testing.Droid.csproj", "{8AA53D37-CFC7-4531-85BB-06076789B93D}"
EndProject
Global
	GlobalSection(SolutionConfigurationPlatforms) = preSolution
		Debug|Any CPU = Debug|Any CPU
		Release|Any CPU = Release|Any CPU
	EndGlobalSection
	GlobalSection(ProjectConfigurationPlatforms) = postSolution
		{686031E3-7080-482A-98ED-161F5D47F9DE}.Debug|Any CPU.ActiveCfg = Debug|Any CPU
		{686031E3-7080-482A-98ED-161F5D47F9DE}.Debug|Any CPU.Build.0 = Debug|Any CPU
		{686031E3-7080-482A-98ED-161F5D47F9DE}.Release|Any CPU.ActiveCfg = Release|Any CPU
		{686031E3-7080-482A-98ED-161F5D47F9DE}.Release|Any CPU.Build.0 = Release|Any CPU
		{8AA53D37-CFC7-4531-85BB-06076789B93D}.Debug|Any CPU.ActiveCfg = Debug|Any CPU
		{8AA53D37-CFC7-4531-85BB-06076789B93D}.Debug|Any CPU.Build.0 = Debug|Any CPU
		{8AA53D37-CFC7-4531-85BB-06076789B93D}.Release|Any CPU.ActiveCfg = Release|Any CPU
		{8AA53D37-CFC7-4531-85BB-06076789B93D}.Release|Any CPU.Build.0 = Release|Any CPU
	EndGlobalSection
EndGlobal
